
Microsoft Visual Studio Solution File, Format Version 12.00
Project("{FAE04EC0-301F-11D3-BF4B-00C04F79EFBC}") = "R2.01", "R2.01.csproj", "{84ED61FC-C683-4B97-999F-11AF9D0E2229}"
EndProject
Global
	GlobalSection(SolutionConfigurationPlatforms) = preSolution
		Debug|Any CPU = Debug|Any CPU
		Release|Any CPU = Release|Any CPU
	EndGlobalSection
	GlobalSection(ProjectConfigurationPlatforms) = postSolution
		{84ED61FC-C683-4B97-999F-11AF9D0E2229}.Debug|Any CPU.ActiveCfg = Debug|Any CPU
		{84ED61FC-C683-4B97-999F-11AF9D0E2229}.Debug|Any CPU.Build.0 = Debug|Any CPU
		{84ED61FC-C683-4B97-999F-11AF9D0E2229}.Release|Any CPU.ActiveCfg = Release|Any CPU
		{84ED61FC-C683-4B97-999F-11AF9D0E2229}.Release|Any CPU.Build.0 = Release|Any CPU
	EndGlobalSection
EndGlobal
