
Microsoft Visual Studio Solution File, Format Version 12.00
# Visual Studio Version 17
VisualStudioVersion = 17.8.34511.84
MinimumVisualStudioVersion = 10.0.40219.1
Project("{FAE04EC0-301F-11D3-BF4B-00C04F79EFBC}") = "TP03", "TP03\TP03.csproj", "{F7FDC05F-E862-4426-980E-241BE193C5CC}"
EndProject
Global
	GlobalSection(SolutionConfigurationPlatforms) = preSolution
		Debug|Any CPU = Debug|Any CPU
		Release|Any CPU = Release|Any CPU
	EndGlobalSection
	GlobalSection(ProjectConfigurationPlatforms) = postSolution
		{F7FDC05F-E862-4426-980E-241BE193C5CC}.Debug|Any CPU.ActiveCfg = Debug|Any CPU
		{F7FDC05F-E862-4426-980E-241BE193C5CC}.Debug|Any CPU.Build.0 = Debug|Any CPU
		{F7FDC05F-E862-4426-980E-241BE193C5CC}.Release|Any CPU.ActiveCfg = Release|Any CPU
		{F7FDC05F-E862-4426-980E-241BE193C5CC}.Release|Any CPU.Build.0 = Release|Any CPU
	EndGlobalSection
	GlobalSection(SolutionProperties) = preSolution
		HideSolutionNode = FALSE
	EndGlobalSection
	GlobalSection(ExtensibilityGlobals) = postSolution
		SolutionGuid = {9466820D-197F-466B-955C-2561FBB3D2BF}
	EndGlobalSection
EndGlobal
